
Microsoft Visual Studio Solution File, Format Version 12.00
# Visual Studio Version 17
VisualStudioVersion = 17.8.34408.163
MinimumVisualStudioVersion = 10.0.40219.1
Project("{FAE04EC0-301F-11D3-BF4B-00C04F79EFBC}") = "Assignment3_STP", "Assignment3_STP\Assignment3_STP.csproj", "{8D556D46-E22F-4E62-A96C-A7F5A152B559}"
EndProject
Global
	GlobalSection(SolutionConfigurationPlatforms) = preSolution
		Debug|Any CPU = Debug|Any CPU
		Release|Any CPU = Release|Any CPU
	EndGlobalSection
	GlobalSection(ProjectConfigurationPlatforms) = postSolution
		{8D556D46-E22F-4E62-A96C-A7F5A152B559}.Debug|Any CPU.ActiveCfg = Debug|Any CPU
		{8D556D46-E22F-4E62-A96C-A7F5A152B559}.Debug|Any CPU.Build.0 = Debug|Any CPU
		{8D556D46-E22F-4E62-A96C-A7F5A152B559}.Release|Any CPU.ActiveCfg = Release|Any CPU
		{8D556D46-E22F-4E62-A96C-A7F5A152B559}.Release|Any CPU.Build.0 = Release|Any CPU
	EndGlobalSection
	GlobalSection(SolutionProperties) = preSolution
		HideSolutionNode = FALSE
	EndGlobalSection
	GlobalSection(ExtensibilityGlobals) = postSolution
		SolutionGuid = {1F1E3670-6D17-4F4F-A8E5-4E61A66C0354}
	EndGlobalSection
EndGlobal
